
Microsoft Visual Studio Solution File, Format Version 12.00
# Visual Studio Version 16
VisualStudioVersion = 16.0.29326.143
MinimumVisualStudioVersion = 10.0.40219.1
Project("{9A19103F-16F7-4668-BE54-9A1E7A4F7556}") = "DevGate.Data", "DevGate.Data\DevGate.Data.csproj", "{77B44AAB-F85B-4E3D-9D5D-6AAD9E914CFB}"
EndProject
Project("{9A19103F-16F7-4668-BE54-9A1E7A4F7556}") = "DevGate.Data.Tests", "DevGate.Data.Tests\DevGate.Data.Tests.csproj", "{D8EB13ED-DB9C-4673-890B-26E5ED91FB7C}"
EndProject
Project("{2150E333-8FDC-42A3-9474-1A3956D46DE8}") = "General", "General", "{1E12105C-B264-4765-B988-3D0DDE77C90A}"
	ProjectSection(SolutionItems) = preProject
		General\DevGate.Data.xml = General\DevGate.Data.xml
		General\NugetPublish.ps1 = General\NugetPublish.ps1
		General\README.md = General\README.md
	EndProjectSection
EndProject
Global
	GlobalSection(SolutionConfigurationPlatforms) = preSolution
		Debug|Any CPU = Debug|Any CPU
		Release|Any CPU = Release|Any CPU
	EndGlobalSection
	GlobalSection(ProjectConfigurationPlatforms) = postSolution
		{77B44AAB-F85B-4E3D-9D5D-6AAD9E914CFB}.Debug|Any CPU.ActiveCfg = Debug|Any CPU
		{77B44AAB-F85B-4E3D-9D5D-6AAD9E914CFB}.Debug|Any CPU.Build.0 = Debug|Any CPU
		{77B44AAB-F85B-4E3D-9D5D-6AAD9E914CFB}.Release|Any CPU.ActiveCfg = Release|Any CPU
		{77B44AAB-F85B-4E3D-9D5D-6AAD9E914CFB}.Release|Any CPU.Build.0 = Release|Any CPU
		{D8EB13ED-DB9C-4673-890B-26E5ED91FB7C}.Debug|Any CPU.ActiveCfg = Debug|Any CPU
		{D8EB13ED-DB9C-4673-890B-26E5ED91FB7C}.Debug|Any CPU.Build.0 = Debug|Any CPU
		{D8EB13ED-DB9C-4673-890B-26E5ED91FB7C}.Release|Any CPU.ActiveCfg = Release|Any CPU
		{D8EB13ED-DB9C-4673-890B-26E5ED91FB7C}.Release|Any CPU.Build.0 = Release|Any CPU
	EndGlobalSection
	GlobalSection(SolutionProperties) = preSolution
		HideSolutionNode = FALSE
	EndGlobalSection
	GlobalSection(ExtensibilityGlobals) = postSolution
		SolutionGuid = {31DCB8B8-AC9A-441F-8D44-35B25BDED900}
	EndGlobalSection
EndGlobal
